{
  "name": "param-web",
  "version": "1.0.0",
  "lockfileVersion": 1,
  "requires": true,
  "dependencies": {
    "@fnal/acnet": {
      "version": "2.0.7",
      "resolved": "http://0.0.0.0:32769/@fnal%2facnet/-/acnet-2.0.7.tgz",
      "integrity": "sha512-DI0JnCS8BT08c5obo3z918kq8nYV+ST0USUtQv529xdxN8HQvNA3+UkdHVxHq7niC9dOjDsZcelHsOJcTvXpqQ==",
      "requires": {
        "websocket": "^1.0.28"
      }
    },
    "@fnal/dpm": {
      "version": "2.0.8",
      "resolved": "http://0.0.0.0:32769/@fnal%2fdpm/-/dpm-2.0.8.tgz",
      "integrity": "sha512-PRq71HbE3YzyEKxFZloth/kbLS9Iu3za29RokBdlMyyB3dlTk1zWt/1VEgnFXXEyWho4rIldksHEJ/zQjnb/Ug==",
      "requires": {
        "@fnal/acnet": "^2.0.6",
        "@fnal/proto_lib": "^2.0.2"
      }
    },
    "@fnal/lookup": {
      "version": "2.0.5",
      "resolved": "http://0.0.0.0:32769/@fnal%2flookup/-/lookup-2.0.5.tgz",
      "integrity": "sha512-W6xFCEuCohTEaeqBGYmKLwQoc17LKVLYIS3ikAdf+2yQn4GJ2OKt+MTMk9tMGH4D+9XeDXSDenbxMdaYHO9PXw==",
      "requires": {
        "@fnal/acnet": "^2.0.6",
        "@fnal/proto_lib": "^2.0.2"
      }
    },
    "@fnal/param-status": {
      "version": "1.0.0",
      "resolved": "http://0.0.0.0:32769/@fnal%2fparam-status/-/param-status-1.0.0.tgz",
      "integrity": "sha512-+B174ffV6IbX36ZG+T4jRJzOwj2h9fyoRCcRMKc8rnXNA3zJeAqwdP+32887GxW7LBpnSgPT2VgVBZueirY0Lg=="
    },
    "@fnal/proto_lib": {
      "version": "2.0.2",
      "resolved": "http://0.0.0.0:32769/@fnal%2fproto_lib/-/proto_lib-2.0.2.tgz",
      "integrity": "sha512-VKukpRVTpjN6eHwHpPR0CQf4RT84fq45xYoBgv6QHqYSRW/xz2LNpS4MZC4O0rOq09vN22TW/0K2unVB9M8r+Q=="
    },
    "debug": {
      "version": "2.6.9",
      "resolved": "http://0.0.0.0:32769/debug/-/debug-2.6.9.tgz",
      "integrity": "sha512-bC7ElrdJaJnPbAP+1EotYvqZsb3ecl5wi6Bfi6BJTUcNowp6cvspg0jXznRTKDjm/E7AdgFBVeAPVMNcKGsHMA==",
      "requires": {
        "ms": "2.0.0"
      }
    },
    "is-typedarray": {
      "version": "1.0.0",
      "resolved": "http://0.0.0.0:32769/is-typedarray/-/is-typedarray-1.0.0.tgz",
      "integrity": "sha1-5HnICFjfDBsR3dppQPlgEfzaSpo="
    },
    "ms": {
      "version": "2.0.0",
      "resolved": "http://0.0.0.0:32769/ms/-/ms-2.0.0.tgz",
      "integrity": "sha1-VgiurfwAvmwpAd9fmGF4jeDVl8g="
    },
    "nan": {
      "version": "2.12.1",
      "resolved": "http://0.0.0.0:32769/nan/-/nan-2.12.1.tgz",
      "integrity": "sha512-JY7V6lRkStKcKTvHO5NVSQRv+RV+FIL5pvDoLiAtSL9pKlC5x9PKQcZDsq7m4FO4d57mkhC6Z+QhAh3Jdk5JFw=="
    },
    "typedarray-to-buffer": {
      "version": "3.1.5",
      "resolved": "http://0.0.0.0:32769/typedarray-to-buffer/-/typedarray-to-buffer-3.1.5.tgz",
      "integrity": "sha512-zdu8XMNEDepKKR+XYOXAVPtWui0ly0NtohUscw+UmaHiAWT8hrV1rr//H6V+0DvJ3OQ19S979M0laLfX8rm82Q==",
      "requires": {
        "is-typedarray": "^1.0.0"
      }
    },
    "websocket": {
      "version": "1.0.28",
      "resolved": "http://0.0.0.0:32769/websocket/-/websocket-1.0.28.tgz",
      "integrity": "sha512-00y/20/80P7H4bCYkzuuvvfDvh+dgtXi5kzDf3UcZwN6boTYaKvsrtZ5lIYm1Gsg48siMErd9M4zjSYfYFHTrA==",
      "requires": {
        "debug": "^2.2.0",
        "nan": "^2.11.0",
        "typedarray-to-buffer": "^3.1.5",
        "yaeti": "^0.0.6"
      }
    },
    "yaeti": {
      "version": "0.0.6",
      "resolved": "http://0.0.0.0:32769/yaeti/-/yaeti-0.0.6.tgz",
      "integrity": "sha1-8m9ITXJoTPQr7ft2lwqhYI+/lXc="
    }
  }
}
